
Microsoft Visual Studio Solution File, Format Version 12.00
# Visual Studio Version 16
VisualStudioVersion = 16.0.29001.49
MinimumVisualStudioVersion = 10.0.40219.1
Project("{9A19103F-16F7-4668-BE54-9A1E7A4F7556}") = "Lib.Logging.Abstractions", "src\Abstarctions\Lib.Logging.Abstractions.csproj", "{2488E59F-91A1-4084-8BA6-64F03E84A943}"
EndProject
Project("{9A19103F-16F7-4668-BE54-9A1E7A4F7556}") = "Lib.Logging.AspNetCore.Mvc", "src\AspNetCore\Lib.Logging.AspNetCore.Mvc.csproj", "{CE9AD454-CDA8-4C5F-B561-54A2E395015F}"
EndProject
Project("{2150E333-8FDC-42A3-9474-1A3956D46DE8}") = "src", "src", "{C0AC2E0F-DB37-4FFE-B9DB-C8D265F326AD}"
EndProject
Global
	GlobalSection(SolutionConfigurationPlatforms) = preSolution
		Debug|Any CPU = Debug|Any CPU
		Release|Any CPU = Release|Any CPU
	EndGlobalSection
	GlobalSection(ProjectConfigurationPlatforms) = postSolution
		{2488E59F-91A1-4084-8BA6-64F03E84A943}.Debug|Any CPU.ActiveCfg = Debug|Any CPU
		{2488E59F-91A1-4084-8BA6-64F03E84A943}.Debug|Any CPU.Build.0 = Debug|Any CPU
		{2488E59F-91A1-4084-8BA6-64F03E84A943}.Release|Any CPU.ActiveCfg = Release|Any CPU
		{2488E59F-91A1-4084-8BA6-64F03E84A943}.Release|Any CPU.Build.0 = Release|Any CPU
		{CE9AD454-CDA8-4C5F-B561-54A2E395015F}.Debug|Any CPU.ActiveCfg = Debug|Any CPU
		{CE9AD454-CDA8-4C5F-B561-54A2E395015F}.Debug|Any CPU.Build.0 = Debug|Any CPU
		{CE9AD454-CDA8-4C5F-B561-54A2E395015F}.Release|Any CPU.ActiveCfg = Release|Any CPU
		{CE9AD454-CDA8-4C5F-B561-54A2E395015F}.Release|Any CPU.Build.0 = Release|Any CPU
	EndGlobalSection
	GlobalSection(SolutionProperties) = preSolution
		HideSolutionNode = FALSE
	EndGlobalSection
	GlobalSection(NestedProjects) = preSolution
		{2488E59F-91A1-4084-8BA6-64F03E84A943} = {C0AC2E0F-DB37-4FFE-B9DB-C8D265F326AD}
		{CE9AD454-CDA8-4C5F-B561-54A2E395015F} = {C0AC2E0F-DB37-4FFE-B9DB-C8D265F326AD}
	EndGlobalSection
	GlobalSection(ExtensibilityGlobals) = postSolution
		SolutionGuid = {FC3DC9D3-A734-4B64-B99F-FF67FC0540AF}
	EndGlobalSection
EndGlobal
